
Microsoft Visual Studio Solution File, Format Version 12.00
# Visual Studio Version 16
VisualStudioVersion = 16.0.31005.135
MinimumVisualStudioVersion = 10.0.40219.1
Project("{FAE04EC0-301F-11D3-BF4B-00C04F79EFBC}") = "01_Hello_World", "01_Hello_World.csproj", "{6F4D253D-DCA6-41F1-A5C6-601A1487721D}"
EndProject
Global
	GlobalSection(SolutionConfigurationPlatforms) = preSolution
		Debug|Any CPU = Debug|Any CPU
		Release|Any CPU = Release|Any CPU
	EndGlobalSection
	GlobalSection(ProjectConfigurationPlatforms) = postSolution
		{6F4D253D-DCA6-41F1-A5C6-601A1487721D}.Debug|Any CPU.ActiveCfg = Debug|Any CPU
		{6F4D253D-DCA6-41F1-A5C6-601A1487721D}.Debug|Any CPU.Build.0 = Debug|Any CPU
		{6F4D253D-DCA6-41F1-A5C6-601A1487721D}.Release|Any CPU.ActiveCfg = Release|Any CPU
		{6F4D253D-DCA6-41F1-A5C6-601A1487721D}.Release|Any CPU.Build.0 = Release|Any CPU
	EndGlobalSection
	GlobalSection(SolutionProperties) = preSolution
		HideSolutionNode = FALSE
	EndGlobalSection
	GlobalSection(ExtensibilityGlobals) = postSolution
		SolutionGuid = {2C0E1A6A-D445-4BA4-8ABA-750D0C323054}
	EndGlobalSection
EndGlobal
