
Microsoft Visual Studio Solution File, Format Version 12.00
# Visual Studio Version 16
VisualStudioVersion = 16.0.30907.101
MinimumVisualStudioVersion = 10.0.40219.1
Project("{FAE04EC0-301F-11D3-BF4B-00C04F79EFBC}") = "Funkcje", "Funkcje.csproj", "{89C8F348-7986-4215-BA40-245DB4D923F1}"
EndProject
Global
	GlobalSection(SolutionConfigurationPlatforms) = preSolution
		Debug|Any CPU = Debug|Any CPU
		Release|Any CPU = Release|Any CPU
	EndGlobalSection
	GlobalSection(ProjectConfigurationPlatforms) = postSolution
		{89C8F348-7986-4215-BA40-245DB4D923F1}.Debug|Any CPU.ActiveCfg = Debug|Any CPU
		{89C8F348-7986-4215-BA40-245DB4D923F1}.Debug|Any CPU.Build.0 = Debug|Any CPU
		{89C8F348-7986-4215-BA40-245DB4D923F1}.Release|Any CPU.ActiveCfg = Release|Any CPU
		{89C8F348-7986-4215-BA40-245DB4D923F1}.Release|Any CPU.Build.0 = Release|Any CPU
	EndGlobalSection
	GlobalSection(SolutionProperties) = preSolution
		HideSolutionNode = FALSE
	EndGlobalSection
	GlobalSection(ExtensibilityGlobals) = postSolution
		SolutionGuid = {6780EEB2-E3F7-4235-96F1-CA27C7BD5E84}
	EndGlobalSection
EndGlobal
