
Microsoft Visual Studio Solution File, Format Version 12.00
# Visual Studio Version 16
VisualStudioVersion = 16.0.31005.135
MinimumVisualStudioVersion = 10.0.40219.1
Project("{FAE04EC0-301F-11D3-BF4B-00C04F79EFBC}") = "02_Typy_danych", "02_Typy_danych.csproj", "{5E57317F-BC22-41FE-BC62-386F96BEC2B5}"
EndProject
Global
	GlobalSection(SolutionConfigurationPlatforms) = preSolution
		Debug|Any CPU = Debug|Any CPU
		Release|Any CPU = Release|Any CPU
	EndGlobalSection
	GlobalSection(ProjectConfigurationPlatforms) = postSolution
		{5E57317F-BC22-41FE-BC62-386F96BEC2B5}.Debug|Any CPU.ActiveCfg = Debug|Any CPU
		{5E57317F-BC22-41FE-BC62-386F96BEC2B5}.Debug|Any CPU.Build.0 = Debug|Any CPU
		{5E57317F-BC22-41FE-BC62-386F96BEC2B5}.Release|Any CPU.ActiveCfg = Release|Any CPU
		{5E57317F-BC22-41FE-BC62-386F96BEC2B5}.Release|Any CPU.Build.0 = Release|Any CPU
	EndGlobalSection
	GlobalSection(SolutionProperties) = preSolution
		HideSolutionNode = FALSE
	EndGlobalSection
	GlobalSection(ExtensibilityGlobals) = postSolution
		SolutionGuid = {61C05C94-092E-42E2-9892-55C7939DA22C}
	EndGlobalSection
EndGlobal
